
Microsoft Visual Studio Solution File, Format Version 12.00
# Visual Studio 2012
Project("{FAE04EC0-301F-11D3-BF4B-00C04F79EFBC}") = "test", "test\test.csproj", "{881E3B51-8EA8-40E7-9C4D-ED5560CF27FA}"
EndProject
Global
	GlobalSection(SolutionConfigurationPlatforms) = preSolution
		Debug|x86 = Debug|x86
		Release|x86 = Release|x86
	EndGlobalSection
	GlobalSection(ProjectConfigurationPlatforms) = postSolution
		{881E3B51-8EA8-40E7-9C4D-ED5560CF27FA}.Debug|x86.ActiveCfg = Debug|x86
		{881E3B51-8EA8-40E7-9C4D-ED5560CF27FA}.Debug|x86.Build.0 = Debug|x86
		{881E3B51-8EA8-40E7-9C4D-ED5560CF27FA}.Release|x86.ActiveCfg = Release|x86
		{881E3B51-8EA8-40E7-9C4D-ED5560CF27FA}.Release|x86.Build.0 = Release|x86
	EndGlobalSection
EndGlobal
